# Generated by conda-lock.
# platform: osx-arm64
# input_hash: 9c96538ad04ab3052fae6d53ec5cd2f5413759ef400d61d906bcd52cbc972559
@EXPLICIT
https://conda.anaconda.org/conda-forge/noarch/python_abi-3.11-8_cp311.conda#8fcb6b0e2161850556231336dae58358
https://conda.anaconda.org/conda-forge/noarch/tzdata-2025c-hc9c84f9_1.conda#ad659d0a2b3e47e38d829aa8cad2d610
https://conda.anaconda.org/conda-forge/osx-arm64/bzip2-1.0.8-hd037594_9.conda#620b85a3f45526a8bc4d23fd78fc22f0
https://conda.anaconda.org/conda-forge/noarch/ca-certificates-2026.2.25-hbd8a1cb_0.conda#4492fd26db29495f0ba23f146cd5638d
https://conda.anaconda.org/conda-forge/osx-arm64/icu-78.2-hef89b57_0.conda#114e6bfe7c5ad2525eb3597acdbf2300
https://conda.anaconda.org/conda-forge/osx-arm64/libbrotlicommon-1.2.0-hc919400_1.conda#006e7ddd8a110771134fcc4e1e3a6ffa
https://conda.anaconda.org/conda-forge/osx-arm64/libcxx-22.1.0-h55c6f16_1.conda#e9c56daea841013e7774b5cd46f41564
https://conda.anaconda.org/conda-forge/osx-arm64/libdeflate-1.25-hc11a715_0.conda#a6130c709305cd9828b4e1bd9ba0000c
https://conda.anaconda.org/conda-forge/osx-arm64/libexpat-2.7.4-hf6b4638_0.conda#a92e310ae8dfc206ff449f362fc4217f
https://conda.anaconda.org/conda-forge/osx-arm64/libffi-3.5.2-hcf2aa1b_0.conda#43c04d9cb46ef176bb2a4c77e324d599
https://conda.anaconda.org/conda-forge/osx-arm64/libjpeg-turbo-3.1.2-hc919400_0.conda#f0695fbecf1006f27f4395d64bd0c4b8
https://conda.anaconda.org/conda-forge/osx-arm64/liblzma-5.8.2-h8088a28_0.conda#009f0d956d7bfb00de86901d16e486c7
https://conda.anaconda.org/conda-forge/osx-arm64/libsodium-1.0.21-h1a92334_3.conda#7cc5247987e6d115134ebab15186bc13
https://conda.anaconda.org/conda-forge/osx-arm64/libwebp-base-1.6.0-h07db88b_0.conda#e5e7d467f80da752be17796b87fe6385
https://conda.anaconda.org/conda-forge/osx-arm64/libzlib-1.3.1-h8359307_2.conda#369964e85dc26bfe78f41399b366c435
https://conda.anaconda.org/conda-forge/osx-arm64/llvm-openmp-22.1.0-hc7d1edf_0.conda#ff0820b5588b20be3b858552ecf8ffae
https://conda.anaconda.org/conda-forge/osx-arm64/ncurses-6.5-h5e97a16_3.conda#068d497125e4bf8a66bf707254fff5ae
https://conda.anaconda.org/conda-forge/osx-arm64/pthread-stubs-0.4-hd74edd7_1002.conda#415816daf82e0b23a736a069a75e9da7
https://conda.anaconda.org/conda-forge/osx-arm64/xorg-libxau-1.0.12-hc919400_1.conda#78b548eed8227a689f93775d5d23ae09
https://conda.anaconda.org/conda-forge/osx-arm64/xorg-libxdmcp-1.1.5-hc919400_1.conda#9d1299ace1924aa8f4e0bc8e71dd0cf7
https://conda.anaconda.org/conda-forge/osx-arm64/yaml-0.2.5-h925e9cb_3.conda#78a0fe9e9c50d2c381e8ee47e3ea437d
https://conda.anaconda.org/conda-forge/osx-arm64/_openmp_mutex-4.5-7_kmp_llvm.conda#a44032f282e7d2acdeb1c240308052dd
https://conda.anaconda.org/conda-forge/osx-arm64/lerc-4.0.0-hd64df32_1.conda#a74332d9b60b62905e3d30709df08bf1
https://conda.anaconda.org/conda-forge/osx-arm64/libbrotlidec-1.2.0-hc919400_1.conda#079e88933963f3f149054eec2c487bc2
https://conda.anaconda.org/conda-forge/osx-arm64/libbrotlienc-1.2.0-hc919400_1.conda#b2b7c8288ca1a2d71ff97a8e6a1e8883
https://conda.anaconda.org/conda-forge/osx-arm64/libedit-3.1.20250104-pl5321hafb1f1b_0.conda#44083d2d2c2025afca315c7a172eab2b
https://conda.anaconda.org/conda-forge/osx-arm64/libpng-1.6.55-h132b30e_0.conda#871dc88b0192ac49b6a5509932c31377
https://conda.anaconda.org/conda-forge/osx-arm64/libsqlite-3.51.2-h1ae2325_0.conda#4b0bf313c53c3e89692f020fb55d5f2c
https://conda.anaconda.org/conda-forge/osx-arm64/libxcb-1.17.0-hdb1d25a_0.conda#af523aae2eca6dfa1c8eec693f5b9a79
https://conda.anaconda.org/conda-forge/osx-arm64/openssl-3.6.1-hd24854e_1.conda#f4f6ad63f98f64191c3e77c5f5f29d76
https://conda.anaconda.org/conda-forge/osx-arm64/qhull-2020.2-h420ef59_5.conda#6483b1f59526e05d7d894e466b5b6924
https://conda.anaconda.org/conda-forge/osx-arm64/readline-8.3-h46df422_0.conda#f8381319127120ce51e081dce4865cf4
https://conda.anaconda.org/conda-forge/osx-arm64/tk-8.6.13-h010d191_3.conda#a9d86bc62f39b94c4661716624eb21b0
https://conda.anaconda.org/conda-forge/osx-arm64/zlib-ng-2.3.3-hed4e4f5_1.conda#d99c2a23a31b0172e90f456f580b695e
https://conda.anaconda.org/conda-forge/osx-arm64/zstd-1.5.7-hbf9d68e_6.conda#ab136e4c34e97f34fb621d2592a393d8
https://conda.anaconda.org/conda-forge/osx-arm64/brotli-bin-1.2.0-hc919400_1.conda#377d015c103ad7f3371be1777f8b584c
https://conda.anaconda.org/conda-forge/osx-arm64/krb5-1.22.2-h385eeb1_0.conda#e446e1822f4da8e5080a9de93474184d
https://conda.anaconda.org/conda-forge/osx-arm64/libfreetype6-2.14.1-h6da58f4_0.conda#6d4ede03e2a8e20eb51f7f681d2a2550
https://conda.anaconda.org/conda-forge/osx-arm64/libgcc-15.2.0-hcbb3090_18.conda#92df6107310b1fff92c4cc84f0de247b
https://conda.anaconda.org/conda-forge/osx-arm64/libtiff-4.7.1-h4030677_1.conda#e2a72ab2fa54ecb6abab2b26cde93500
https://conda.anaconda.org/conda-forge/osx-arm64/python-3.11.14-h18782d2_3_cpython.conda#b8f6a28ffd3c97367d4e58e8793ff47c
https://conda.anaconda.org/conda-forge/noarch/appnope-0.1.4-pyhd8ed1ab_1.conda#54898d0f524c9dee622d44bbb081a8ab
https://conda.anaconda.org/conda-forge/noarch/asttokens-3.0.1-pyhd8ed1ab_0.conda#9673a61a297b00016442e022d689faa6
https://conda.anaconda.org/conda-forge/noarch/attrs-25.4.0-pyhcf101f3_1.conda#537296d57ea995666c68c821b00e360b
https://conda.anaconda.org/conda-forge/noarch/babel-2.18.0-pyhcf101f3_1.conda#f1976ce927373500cc19d3c0b2c85177
https://conda.anaconda.org/conda-forge/osx-arm64/backports.zstd-1.3.0-py311hee243d0_0.conda#6838fc10cc74fe2feb818e2add03d328
https://conda.anaconda.org/conda-forge/osx-arm64/brotli-1.2.0-h7d5ae5b_1.conda#48ece20aa479be6ac9a284772827d00c
https://conda.anaconda.org/conda-forge/osx-arm64/brotli-python-1.2.0-py311hdc60ec4_1.conda#150cbf381febcf0a5e470a8d066e1bc0
https://conda.anaconda.org/conda-forge/noarch/cached_property-1.5.2-pyha770c72_1.tar.bz2#576d629e47797577ab0f1b351297ef4a
https://conda.anaconda.org/conda-forge/noarch/certifi-2026.2.25-pyhd8ed1ab_0.conda#765c4d97e877cdbbb88ff33152b86125
https://conda.anaconda.org/conda-forge/noarch/charset-normalizer-3.4.4-pyhd8ed1ab_0.conda#a22d1fd9bf98827e280a02875d9a007a
https://conda.anaconda.org/conda-forge/noarch/comm-0.2.3-pyhe01879c_0.conda#2da13f2b299d8e1995bafbbe9689a2f7
https://conda.anaconda.org/conda-forge/noarch/cycler-0.12.1-pyhcf101f3_2.conda#4c2a8fef270f6c69591889b93f9f55c1
https://conda.anaconda.org/conda-forge/osx-arm64/debugpy-1.8.20-py311h8948835_0.conda#150c921424bc9f08c0378f8a6ae58d05
https://conda.anaconda.org/conda-forge/noarch/decorator-5.2.1-pyhd8ed1ab_0.conda#9ce473d1d1be1cc3810856a48b3fab32
https://conda.anaconda.org/conda-forge/noarch/defusedxml-0.7.1-pyhd8ed1ab_0.tar.bz2#961b3a227b437d82ad7054484cfa71b2
https://conda.anaconda.org/conda-forge/noarch/executing-2.2.1-pyhd8ed1ab_0.conda#ff9efb7f7469aed3c4a8106ffa29593c
https://conda.anaconda.org/conda-forge/noarch/hpack-4.1.0-pyhd8ed1ab_0.conda#0a802cb9888dd14eeefc611f05c40b6e
https://conda.anaconda.org/conda-forge/noarch/hyperframe-6.1.0-pyhd8ed1ab_0.conda#8e6923fc12f1fe8f8c4e5c9f343256ac
https://conda.anaconda.org/conda-forge/noarch/idna-3.11-pyhd8ed1ab_0.conda#53abe63df7e10a6ba605dc5f9f961d36
https://conda.anaconda.org/conda-forge/noarch/json5-0.13.0-pyhd8ed1ab_0.conda#8d5f66ebf832c4ce28d5c37a0e76605c
https://conda.anaconda.org/conda-forge/noarch/jsonpointer-3.0.0-pyhcf101f3_3.conda#cd2214824e36b0180141d422aba01938
https://conda.anaconda.org/conda-forge/noarch/jupyterlab_widgets-3.0.16-pyhcf101f3_1.conda#dbf8b81974504fa51d34e436ca7ef389
https://conda.anaconda.org/conda-forge/osx-arm64/kiwisolver-1.4.9-py311h26d6576_2.conda#37b7d697e320b860ef2d8419714dc6d4
https://conda.anaconda.org/conda-forge/noarch/lark-1.3.1-pyhd8ed1ab_0.conda#9b965c999135d43a3d0f7bd7d024e26a
https://conda.anaconda.org/conda-forge/osx-arm64/lcms2-2.18-hdfa7624_0.conda#6631a7bd2335bb9699b1dbc234b19784
https://conda.anaconda.org/conda-forge/osx-arm64/libfreetype-2.14.1-hce30654_0.conda#f35fb38e89e2776994131fbf961fa44b
https://conda.anaconda.org/conda-forge/osx-arm64/libgfortran5-15.2.0-hdae7583_18.conda#c4a6f7989cffb0544bfd9207b6789971
https://conda.anaconda.org/conda-forge/osx-arm64/markupsafe-3.0.3-py311hc290fe0_1.conda#ff068874356bbc7f9bd2d793f809f44b
https://conda.anaconda.org/conda-forge/noarch/munkres-1.1.4-pyhd8ed1ab_1.conda#37293a85a0f4f77bbd9cf7aaefc62609
https://conda.anaconda.org/conda-forge/noarch/nest-asyncio-1.6.0-pyhd8ed1ab_1.conda#598fd7d4d0de2455fb74f56063969a97
https://conda.anaconda.org/conda-forge/osx-arm64/openjpeg-2.5.4-hd9e9057_0.conda#4b5d3a91320976eec71678fad1e3569b
https://conda.anaconda.org/conda-forge/noarch/packaging-26.0-pyhcf101f3_0.conda#b76541e68fea4d511b1ac46a28dcd2c6
https://conda.anaconda.org/conda-forge/noarch/pandocfilters-1.5.0-pyhd8ed1ab_0.tar.bz2#457c2c8c08e54905d6954e79cb5b5db9
https://conda.anaconda.org/conda-forge/noarch/parso-0.8.6-pyhcf101f3_0.conda#97c1ce2fffa1209e7afb432810ec6e12
https://conda.anaconda.org/conda-forge/noarch/platformdirs-4.9.2-pyhcf101f3_0.conda#4fefefb892ce9cc1539405bec2f1a6cd
https://conda.anaconda.org/conda-forge/noarch/prometheus_client-0.24.1-pyhd8ed1ab_0.conda#7526d20621b53440b0aae45d4797847e
https://conda.anaconda.org/conda-forge/osx-arm64/psutil-7.2.2-py311he363849_0.conda#7cff50265141513c960f00ba586780ea
https://conda.anaconda.org/conda-forge/noarch/ptyprocess-0.7.0-pyhd8ed1ab_1.conda#7d9daffbb8d8e0af0f769dbbcd173a54
https://conda.anaconda.org/conda-forge/noarch/pure_eval-0.2.3-pyhd8ed1ab_1.conda#3bfdfb8dbcdc4af1ae3f9a8eb3948f04
https://conda.anaconda.org/conda-forge/noarch/pycparser-2.22-pyh29332c3_1.conda#12c566707c80111f9799308d9e265aef
https://conda.anaconda.org/conda-forge/noarch/pygments-2.19.2-pyhd8ed1ab_0.conda#6b6ece66ebcae2d5f326c77ef2c5a066
https://conda.anaconda.org/conda-forge/noarch/pyparsing-3.3.2-pyhcf101f3_0.conda#3687cc0b82a8b4c17e1f0eb7e47163d5
https://conda.anaconda.org/conda-forge/noarch/pysocks-1.7.1-pyha55dd90_7.conda#461219d1a5bd61342293efa2c0c90eac
https://conda.anaconda.org/conda-forge/osx-arm64/python-duckdb-1.4.4-py311h8325047_0.conda#c20aeba0d03c893f3f75cded10341d2b
https://conda.anaconda.org/conda-forge/noarch/python-fastjsonschema-2.21.2-pyhe01879c_0.conda#23029aae904a2ba587daba708208012f
https://conda.anaconda.org/conda-forge/noarch/python-json-logger-2.0.7-pyhd8ed1ab_0.conda#a61bf9ec79426938ff785eb69dbb1960
https://conda.anaconda.org/conda-forge/noarch/python-tzdata-2025.3-pyhd8ed1ab_0.conda#7ead57407430ba33f681738905278d03
https://conda.anaconda.org/conda-forge/osx-arm64/pyyaml-6.0.3-py311hc290fe0_1.conda#e4b908da7cd496b3fa6798c0f60a2a19
https://conda.anaconda.org/conda-forge/noarch/rfc3986-validator-0.1.1-pyh9f0ad1d_0.tar.bz2#912a71cc01012ee38e6b90ddd561e36f
https://conda.anaconda.org/conda-forge/osx-arm64/rpds-py-0.30.0-py311h71babbd_0.conda#4408829b022e8e0d19365c0c00be00c4
https://conda.anaconda.org/conda-forge/noarch/setuptools-82.0.0-pyh332efcf_0.conda#1d00d46c634177fc8ede8b99d6089239
https://conda.anaconda.org/conda-forge/noarch/six-1.17.0-pyhe01879c_1.conda#3339e3b65d58accf4ca4fb8748ab16b3
https://conda.anaconda.org/conda-forge/noarch/sniffio-1.3.1-pyhd8ed1ab_2.conda#03fe290994c5e4ec17293cfb6bdce520
https://conda.anaconda.org/conda-forge/noarch/soupsieve-2.8.3-pyhd8ed1ab_0.conda#18de09b20462742fe093ba39185d9bac
https://conda.anaconda.org/conda-forge/noarch/tabulate-0.9.0-pyhcf101f3_3.conda#de98449f11d48d4b52eefb354e2bfe35
https://conda.anaconda.org/conda-forge/noarch/tomli-2.4.0-pyhcf101f3_0.conda#72e780e9aa2d0a3295f59b1874e3768b
https://conda.anaconda.org/conda-forge/osx-arm64/tornado-6.5.4-py311h9408147_0.conda#df911f6f4b283ce96679e1031a8ff530
https://conda.anaconda.org/conda-forge/noarch/traitlets-5.14.3-pyhd8ed1ab_1.conda#019a7385be9af33791c989871317e1ed
https://conda.anaconda.org/conda-forge/noarch/typing_extensions-4.15.0-pyhcf101f3_0.conda#0caa1af407ecff61170c9437a808404d
https://conda.anaconda.org/conda-forge/noarch/typing_utils-0.1.0-pyhd8ed1ab_1.conda#f6d7aa696c67756a650e91e15e88223c
https://conda.anaconda.org/conda-forge/osx-arm64/unicodedata2-17.0.1-py311hc949640_0.conda#a9d9010d246205c63f824b0bcf050acd
https://conda.anaconda.org/conda-forge/noarch/uri-template-1.3.0-pyhd8ed1ab_1.conda#e7cb0f5745e4c5035a460248334af7eb
https://conda.anaconda.org/conda-forge/noarch/wcwidth-0.6.0-pyhd8ed1ab_0.conda#c3197f8c0d5b955c904616b716aca093
https://conda.anaconda.org/conda-forge/noarch/webcolors-25.10.0-pyhd8ed1ab_0.conda#6639b6b0d8b5a284f027a2003669aa65
https://conda.anaconda.org/conda-forge/noarch/webencodings-0.5.1-pyhd8ed1ab_3.conda#2841eb5bfc75ce15e9a0054b98dcd64d
https://conda.anaconda.org/conda-forge/noarch/websocket-client-1.9.0-pyhd8ed1ab_0.conda#2f1ed718fcd829c184a6d4f0f2e07409
https://conda.anaconda.org/conda-forge/noarch/widgetsnbextension-4.0.15-pyhd8ed1ab_0.conda#dc257b7e7cad9b79c1dfba194e92297b
https://conda.anaconda.org/conda-forge/osx-arm64/zeromq-4.3.5-h4818236_10.conda#e85dcd3bde2b10081cdcaeae15797506
https://conda.anaconda.org/conda-forge/noarch/zipp-3.23.0-pyhcf101f3_1.conda#30cd29cb87d819caead4d55184c1d115
https://conda.anaconda.org/conda-forge/noarch/async-lru-2.2.0-pyhcf101f3_0.conda#2cdaf7f8bda7eb9ce49c3e08f2f65803
https://conda.anaconda.org/conda-forge/noarch/bleach-6.3.0-pyhcf101f3_1.conda#7c5ebdc286220e8021bf55e6384acd67
https://conda.anaconda.org/conda-forge/noarch/cached-property-1.5.2-hd8ed1ab_1.tar.bz2#9b347a7ec10940d3f7941ff6c460b551
https://conda.anaconda.org/conda-forge/osx-arm64/cffi-2.0.0-py311hd10dc20_1.conda#4d7f6780e36f18e7601811dddf3bbec5
https://conda.anaconda.org/conda-forge/noarch/duckdb-1.4.4-h332efcf_0.conda#81ad5dea88c418df76adb189dc063dc2
https://conda.anaconda.org/conda-forge/noarch/exceptiongroup-1.3.1-pyhd8ed1ab_0.conda#8e662bd460bda79b1ea39194e3c4c9ab
https://conda.anaconda.org/conda-forge/osx-arm64/fonttools-4.61.1-py311ha9b3269_0.conda#1cd0bcb3eee550d601c84b28b7df1ac3
https://conda.anaconda.org/conda-forge/osx-arm64/freetype-2.14.1-hce30654_0.conda#1ec9a1ee7a2c9339774ad9bb6fe6caec
https://conda.anaconda.org/conda-forge/noarch/h11-0.16.0-pyhcf101f3_1.conda#b8993c19b0c32a2f7b66cbb58ca27069
https://conda.anaconda.org/conda-forge/noarch/h2-4.3.0-pyhcf101f3_0.conda#164fc43f0b53b6e3a7bc7dce5e4f1dc9
https://conda.anaconda.org/conda-forge/noarch/importlib-metadata-8.7.0-pyhe01879c_1.conda#63ccfdc3a3ce25b027b8767eb722fca8
https://conda.anaconda.org/conda-forge/noarch/importlib_resources-6.5.2-pyhd8ed1ab_0.conda#c85c76dc67d75619a92f51dfbce06992
https://conda.anaconda.org/conda-forge/noarch/ipython_pygments_lexers-1.1.1-pyhd8ed1ab_0.conda#bd80ba060603cc228d9d81c257093119
https://conda.anaconda.org/conda-forge/noarch/jedi-0.19.2-pyhd8ed1ab_1.conda#a4f4c5dc9b80bc50e0d3dc4e6e8f1bd9
https://conda.anaconda.org/conda-forge/noarch/jinja2-3.1.6-pyhcf101f3_1.conda#04558c96691bed63104678757beb4f8d
https://conda.anaconda.org/conda-forge/noarch/jupyter_core-5.9.1-pyhc90fa1f_0.conda#b38fe4e78ee75def7e599843ef4c1ab0
https://conda.anaconda.org/conda-forge/noarch/jupyterlab_pygments-0.3.0-pyhd8ed1ab_2.conda#fd312693df06da3578383232528c468d
https://conda.anaconda.org/conda-forge/osx-arm64/libgfortran-15.2.0-h07b0088_18.conda#26981599908ed2205366e8fc91b37fc6
https://conda.anaconda.org/conda-forge/noarch/matplotlib-inline-0.2.1-pyhd8ed1ab_0.conda#00e120ce3e40bad7bfc78861ce3c4a25
https://conda.anaconda.org/conda-forge/noarch/mistune-3.2.0-pyhcf101f3_0.conda#b11e360fc4de2b0035fc8aaa74f17fd6
https://conda.anaconda.org/conda-forge/noarch/overrides-7.7.0-pyhd8ed1ab_1.conda#e51f1e4089cad105b6cac64bd8166587
https://conda.anaconda.org/conda-forge/noarch/pexpect-4.9.0-pyhd8ed1ab_1.conda#d0d408b1f18883a944376da5cf8101ea
https://conda.anaconda.org/conda-forge/osx-arm64/pillow-12.1.1-py311hd37aea2_0.conda#50d83219d126d23e7e98ab742aa6513a
https://conda.anaconda.org/conda-forge/noarch/prompt-toolkit-3.0.52-pyha770c72_0.conda#edb16f14d920fb3faf17f5ce582942d6
https://conda.anaconda.org/conda-forge/osx-arm64/pyobjc-core-12.1-py311hce6e4fa_0.conda#812e22c5c7859e719ec225ece0c6f2c1
https://conda.anaconda.org/conda-forge/noarch/python-dateutil-2.9.0.post0-pyhe01879c_2.conda#5b8d21249ff20967101ffa321cab24e8
https://conda.anaconda.org/conda-forge/osx-arm64/pyzmq-27.1.0-py311h745ac33_2.conda#9648524ed194922a084f0c2c2c2ada6a
https://conda.anaconda.org/conda-forge/noarch/referencing-0.37.0-pyhcf101f3_0.conda#870293df500ca7e18bedefa5838a22ab
https://conda.anaconda.org/conda-forge/noarch/rfc3339-validator-0.1.4-pyhd8ed1ab_1.conda#36de09a8d3e5d5e6f4ee63af49e59706
https://conda.anaconda.org/conda-forge/noarch/rfc3987-syntax-1.1.0-pyhe01879c_1.conda#7234f99325263a5af6d4cd195035e8f2
https://conda.anaconda.org/conda-forge/noarch/stack_data-0.6.3-pyhd8ed1ab_1.conda#b1b505328da7a6b246787df4b5a49fbc
https://conda.anaconda.org/conda-forge/noarch/terminado-0.18.1-pyhc90fa1f_1.conda#17b43cee5cc84969529d5d0b0309b2cb
https://conda.anaconda.org/conda-forge/noarch/tinycss2-1.4.0-pyhd8ed1ab_0.conda#f1acf5fdefa8300de697982bcb1761c9
https://conda.anaconda.org/conda-forge/noarch/typing-extensions-4.15.0-h396c80c_0.conda#edd329d7d3a4ab45dcf905899a7a6115
https://conda.anaconda.org/conda-forge/noarch/wheel-0.46.3-pyhd8ed1ab_0.conda#bdbd7385b4a67025ac2dba4ef8cb6a8f
https://conda.anaconda.org/conda-forge/noarch/anyio-4.12.1-pyhcf101f3_0.conda#11a2b8c732d215d977998ccd69a9d5e8
https://conda.anaconda.org/conda-forge/osx-arm64/argon2-cffi-bindings-25.1.0-py311h9408147_2.conda#501c2a606787bcd55b9ddee776208333
https://conda.anaconda.org/conda-forge/noarch/arrow-1.4.0-pyhcf101f3_0.conda#85c4f19f377424eafc4ed7911b291642
https://conda.anaconda.org/conda-forge/noarch/beautifulsoup4-4.14.3-pyha770c72_0.conda#5267bef8efea4127aacd1f4e1f149b6e
https://conda.anaconda.org/conda-forge/noarch/bleach-with-css-6.3.0-hbca2aae_1.conda#f11a319b9700b203aa14c295858782b6
https://conda.anaconda.org/conda-forge/noarch/fqdn-1.5.1-pyhd8ed1ab_1.conda#d3549fd50d450b6d9e7dddff25dd2110
https://conda.anaconda.org/conda-forge/noarch/ipython-9.10.0-pyh53cf698_0.conda#441ca4e203a62f7db2f29f190c02b9cf
https://conda.anaconda.org/conda-forge/noarch/jsonschema-specifications-2025.9.1-pyhcf101f3_0.conda#439cd0f567d697b20a8f45cb70a1005a
https://conda.anaconda.org/conda-forge/noarch/jupyter_client-8.8.0-pyhcf101f3_0.conda#8a3d6d0523f66cf004e563a50d9392b3
https://conda.anaconda.org/conda-forge/noarch/jupyter_server_terminals-0.5.4-pyhcf101f3_0.conda#7b8bace4943e0dc345fc45938826f2b8
https://conda.anaconda.org/conda-forge/osx-arm64/libopenblas-0.3.30-openmp_ha158390_4.conda#a6f6d3a31bb29e48d37ce65de54e2df0
https://conda.anaconda.org/conda-forge/noarch/pip-26.0.1-pyh8b19718_0.conda#67bdec43082fd8a9cffb9484420b39a2
https://conda.anaconda.org/conda-forge/noarch/prompt_toolkit-3.0.52-hd8ed1ab_0.conda#6d034d3a6093adbba7b24cb69c8c621e
https://conda.anaconda.org/conda-forge/osx-arm64/pyobjc-framework-cocoa-12.1-py311h9049b8e_0.conda#b215a767b5ef6f16347cacebc409e66b
https://conda.anaconda.org/conda-forge/noarch/urllib3-2.6.3-pyhd8ed1ab_0.conda#9272daa869e03efe68833e3dc7a02130
https://conda.anaconda.org/conda-forge/noarch/argon2-cffi-25.1.0-pyhd8ed1ab_0.conda#8ac12aff0860280ee0cff7fa2cf63f3b
https://conda.anaconda.org/conda-forge/noarch/httpcore-1.0.9-pyh29332c3_0.conda#4f14640d58e2cc0aa0819d9d8ba125bb
https://conda.anaconda.org/conda-forge/noarch/ipykernel-7.2.0-pyh5552912_1.conda#4b53d436f3fbc02ce3eeaf8ae9bebe01
https://conda.anaconda.org/conda-forge/noarch/ipywidgets-8.1.8-pyhd8ed1ab_0.conda#d68e3f70d1f068f1b66d94822fdc644e
https://conda.anaconda.org/conda-forge/noarch/isoduration-20.11.0-pyhd8ed1ab_1.conda#0b0154421989637d424ccf0f104be51a
https://conda.anaconda.org/conda-forge/noarch/jsonschema-4.26.0-pyhcf101f3_0.conda#ada41c863af263cc4c5fcbaff7c3e4dc
https://conda.anaconda.org/conda-forge/osx-arm64/libblas-3.11.0-5_h51639a9_openblas.conda#bcc025e2bbaf8a92982d20863fe1fb69
https://conda.anaconda.org/conda-forge/noarch/requests-2.32.5-pyhcf101f3_1.conda#c65df89a0b2e321045a9e01d1337b182
https://conda.anaconda.org/conda-forge/noarch/send2trash-2.1.0-pyh5552912_1.conda#b70e2d44e6aa2beb69ba64206a16e4c6
https://conda.anaconda.org/conda-forge/noarch/httpx-0.28.1-pyhd8ed1ab_0.conda#d6989ead454181f4f9bc987d3dc4e285
https://conda.anaconda.org/conda-forge/noarch/jsonschema-with-format-nongpl-4.26.0-hcf101f3_0.conda#8368d58342d0825f0843dc6acdd0c483
https://conda.anaconda.org/conda-forge/noarch/jupyter_console-6.6.3-pyhd8ed1ab_1.conda#801dbf535ec26508fac6d4b24adfb76e
https://conda.anaconda.org/conda-forge/osx-arm64/libcblas-3.11.0-5_hb0561ab_openblas.conda#efd8bd15ca56e9d01748a3beab8404eb
https://conda.anaconda.org/conda-forge/osx-arm64/liblapack-3.11.0-5_hd9741b5_openblas.conda#ca9d752201b7fa1225bca036ee300f2b
https://conda.anaconda.org/conda-forge/noarch/nbformat-5.10.4-pyhd8ed1ab_1.conda#bbe1963f1e47f594070ffe87cdf612ea
https://conda.anaconda.org/conda-forge/noarch/jupyter_events-0.12.0-pyhe01879c_0.conda#31e11c30bbee1682a55627f953c6725a
https://conda.anaconda.org/conda-forge/noarch/nbclient-0.10.4-pyhd8ed1ab_0.conda#00f5b8dafa842e0c27c1cd7296aa4875
https://conda.anaconda.org/conda-forge/osx-arm64/numpy-2.4.2-py311had1e860_1.conda#bebff6d1b28a10a57a586cc449688324
https://conda.anaconda.org/conda-forge/osx-arm64/contourpy-1.3.3-py311h7d85929_4.conda#bd91dd35d73638e5c0f520a18850f6ba
https://conda.anaconda.org/conda-forge/noarch/nbconvert-core-7.17.0-pyhcf101f3_0.conda#b14079a39ae60ac7ad2ec3d9eab075ca
https://conda.anaconda.org/conda-forge/osx-arm64/pandas-3.0.1-py311h4a068b9_0.conda#e853dd807ee17d7d4f6c3c57b29456ac
https://conda.anaconda.org/conda-forge/noarch/jupyter_server-2.17.0-pyhcf101f3_0.conda#d79a87dcfa726bcea8e61275feed6f83
https://conda.anaconda.org/conda-forge/osx-arm64/matplotlib-base-3.10.8-py311h29553df_0.conda#dd155e8d4eeba4e1e096947abc996ddd
https://conda.anaconda.org/conda-forge/noarch/jupyter-lsp-2.3.0-pyhcf101f3_0.conda#62b7c96c6cd77f8173cc5cada6a9acaa
https://conda.anaconda.org/conda-forge/noarch/jupyterlab_server-2.28.0-pyhcf101f3_0.conda#a63877cb23de826b1620d3adfccc4014
https://conda.anaconda.org/conda-forge/osx-arm64/matplotlib-3.10.8-py311ha1ab1f8_0.conda#7e75ce08514ea74dacd32cbc92dab00c
https://conda.anaconda.org/conda-forge/noarch/notebook-shim-0.2.4-pyhd8ed1ab_1.conda#e7f89ea5f7ea9401642758ff50a2d9c1
https://conda.anaconda.org/conda-forge/noarch/jupyterlab-4.5.5-pyhd8ed1ab_0.conda#c4b96d937d1b03203c00fed92e713cd1
https://conda.anaconda.org/conda-forge/noarch/notebook-7.5.4-pyhcf101f3_0.conda#ad642622e20bd5dbe4157d35ddf1db47
https://conda.anaconda.org/conda-forge/noarch/jupyter-1.1.1-pyhd8ed1ab_1.conda#9453512288d20847de4356327d0e1282
